
Microsoft Visual Studio Solution File, Format Version 12.00
# Visual Studio 15
VisualStudioVersion = 15.0.27703.2026
MinimumVisualStudioVersion = 10.0.40219.1
Project("{FAE04EC0-301F-11D3-BF4B-00C04F79EFBC}") = "myproj", "myproj.csproj", "{989AB2AF-D58B-4989-8933-DAF3A5F6487B}"
EndProject
Global
	GlobalSection(SolutionConfigurationPlatforms) = preSolution
		Debug|Any CPU = Debug|Any CPU
		Release|Any CPU = Release|Any CPU
	EndGlobalSection
	GlobalSection(ProjectConfigurationPlatforms) = postSolution
		{989AB2AF-D58B-4989-8933-DAF3A5F6487B}.Debug|Any CPU.ActiveCfg = Debug|Any CPU
		{989AB2AF-D58B-4989-8933-DAF3A5F6487B}.Debug|Any CPU.Build.0 = Debug|Any CPU
		{989AB2AF-D58B-4989-8933-DAF3A5F6487B}.Release|Any CPU.ActiveCfg = Release|Any CPU
		{989AB2AF-D58B-4989-8933-DAF3A5F6487B}.Release|Any CPU.Build.0 = Release|Any CPU
	EndGlobalSection
	GlobalSection(SolutionProperties) = preSolution
		HideSolutionNode = FALSE
	EndGlobalSection
	GlobalSection(ExtensibilityGlobals) = postSolution
		SolutionGuid = {BEB4395C-49F9-4855-94C7-EBA63B4F8B9F}
	EndGlobalSection
EndGlobal
